
Microsoft Visual Studio Solution File, Format Version 12.00
# Visual Studio Version 17
VisualStudioVersion = 17.13.35818.85 d17.13
MinimumVisualStudioVersion = 10.0.40219.1
Project("{FAE04EC0-301F-11D3-BF4B-00C04F79EFBC}") = "Employee_CRUD", "Employee_CRUD.csproj", "{6B2DB7D1-0D3B-4C54-9354-81E4AB2ABABA}"
EndProject
Global
	GlobalSection(SolutionConfigurationPlatforms) = preSolution
		Debug|Any CPU = Debug|Any CPU
		Release|Any CPU = Release|Any CPU
	EndGlobalSection
	GlobalSection(ProjectConfigurationPlatforms) = postSolution
		{6B2DB7D1-0D3B-4C54-9354-81E4AB2ABABA}.Debug|Any CPU.ActiveCfg = Debug|Any CPU
		{6B2DB7D1-0D3B-4C54-9354-81E4AB2ABABA}.Debug|Any CPU.Build.0 = Debug|Any CPU
		{6B2DB7D1-0D3B-4C54-9354-81E4AB2ABABA}.Release|Any CPU.ActiveCfg = Release|Any CPU
		{6B2DB7D1-0D3B-4C54-9354-81E4AB2ABABA}.Release|Any CPU.Build.0 = Release|Any CPU
	EndGlobalSection
	GlobalSection(SolutionProperties) = preSolution
		HideSolutionNode = FALSE
	EndGlobalSection
	GlobalSection(ExtensibilityGlobals) = postSolution
		SolutionGuid = {D856D4ED-2C26-4826-942C-DCB6140EA175}
	EndGlobalSection
EndGlobal
